
Microsoft Visual Studio Solution File, Format Version 12.00
# Visual Studio Version 17
VisualStudioVersion = 17.7.34024.191
MinimumVisualStudioVersion = 10.0.40219.1
Project("{FAE04EC0-301F-11D3-BF4B-00C04F79EFBC}") = "Individuellt projekt", "Individuellt projekt\Individuellt projekt.csproj", "{9A4CF7F9-5035-444A-8160-161676395917}"
EndProject
Global
	GlobalSection(SolutionConfigurationPlatforms) = preSolution
		Debug|Any CPU = Debug|Any CPU
		Release|Any CPU = Release|Any CPU
	EndGlobalSection
	GlobalSection(ProjectConfigurationPlatforms) = postSolution
		{9A4CF7F9-5035-444A-8160-161676395917}.Debug|Any CPU.ActiveCfg = Debug|Any CPU
		{9A4CF7F9-5035-444A-8160-161676395917}.Debug|Any CPU.Build.0 = Debug|Any CPU
		{9A4CF7F9-5035-444A-8160-161676395917}.Release|Any CPU.ActiveCfg = Release|Any CPU
		{9A4CF7F9-5035-444A-8160-161676395917}.Release|Any CPU.Build.0 = Release|Any CPU
	EndGlobalSection
	GlobalSection(SolutionProperties) = preSolution
		HideSolutionNode = FALSE
	EndGlobalSection
	GlobalSection(ExtensibilityGlobals) = postSolution
		SolutionGuid = {62CAB22C-529C-4E5E-8273-9F10AA18DC5F}
	EndGlobalSection
EndGlobal
